// !$*UTF8*$!
{
	archiveVersion = 1;
	classes = {
	};
	objectVersion = 46;
	objects = {

/* Begin PBXBuildFile section */
		352DBE431E2E2B5400AA8569 /* JMProperty.h in Headers */ = {isa = PBXBuildFile; fileRef = 352DBE411E2E2B5400AA8569 /* JMProperty.h */; };
		352DBE441E2E2B5400AA8569 /* JMProperty.m in Sources */ = {isa = PBXBuildFile; fileRef = 352DBE421E2E2B5400AA8569 /* JMProperty.m */; };
		352DBE4B1E2F5C3000AA8569 /* TestJsonModel.m in Sources */ = {isa = PBXBuildFile; fileRef = 352DBE4A1E2F5C3000AA8569 /* TestJsonModel.m */; };
		352DBE4E1E2F704800AA8569 /* testSubModel.m in Sources */ = {isa = PBXBuildFile; fileRef = 352DBE4D1E2F704800AA8569 /* testSubModel.m */; };
		352E6E041E348A0700642D98 /* JMFoundation.h in Headers */ = {isa = PBXBuildFile; fileRef = 352E6E021E348A0700642D98 /* JMFoundation.h */; };
		352E6E051E348A0700642D98 /* JMFoundation.m in Sources */ = {isa = PBXBuildFile; fileRef = 352E6E031E348A0700642D98 /* JMFoundation.m */; };
		3539F0341E2CB419003BFAA3 /* JsonModelTranfer.framework in Frameworks */ = {isa = PBXBuildFile; fileRef = 3539F02A1E2CB418003BFAA3 /* JsonModelTranfer.framework */; };
		3539F0391E2CB419003BFAA3 /* JsonModelTranferTests.m in Sources */ = {isa = PBXBuildFile; fileRef = 3539F0381E2CB419003BFAA3 /* JsonModelTranferTests.m */; };
		3539F03B1E2CB419003BFAA3 /* JsonModelTranfer.h in Headers */ = {isa = PBXBuildFile; fileRef = 3539F02D1E2CB418003BFAA3 /* JsonModelTranfer.h */; settings = {ATTRIBUTES = (Public, ); }; };
		3539F04C1E2CB7EB003BFAA3 /* NSObject+JsonModel.h in Headers */ = {isa = PBXBuildFile; fileRef = 3539F04A1E2CB7EB003BFAA3 /* NSObject+JsonModel.h */; settings = {ATTRIBUTES = (Public, ); }; };
		3539F04D1E2CB7EB003BFAA3 /* NSObject+JsonModel.m in Sources */ = {isa = PBXBuildFile; fileRef = 3539F04B1E2CB7EB003BFAA3 /* NSObject+JsonModel.m */; };
		3539F0561E2CEAAB003BFAA3 /* JsonModelConst.h in Headers */ = {isa = PBXBuildFile; fileRef = 3539F0541E2CEAAB003BFAA3 /* JsonModelConst.h */; };
		3539F0571E2CEAAB003BFAA3 /* JsonModelConst.m in Sources */ = {isa = PBXBuildFile; fileRef = 3539F0551E2CEAAB003BFAA3 /* JsonModelConst.m */; };
		3539F0591E2D1B1C003BFAA3 /* JsonModelTranferProtocol.h in Headers */ = {isa = PBXBuildFile; fileRef = 3539F0581E2D1B1C003BFAA3 /* JsonModelTranferProtocol.h */; settings = {ATTRIBUTES = (Public, ); }; };
		3539F05C1E2D2693003BFAA3 /* NSObject+Property.h in Headers */ = {isa = PBXBuildFile; fileRef = 3539F05A1E2D2693003BFAA3 /* NSObject+Property.h */; };
		3539F05D1E2D2693003BFAA3 /* NSObject+Property.m in Sources */ = {isa = PBXBuildFile; fileRef = 3539F05B1E2D2693003BFAA3 /* NSObject+Property.m */; };
/* End PBXBuildFile section */

/* Begin PBXContainerItemProxy section */
		3539F0351E2CB419003BFAA3 /* PBXContainerItemProxy */ = {
			isa = PBXContainerItemProxy;
			containerPortal = 3539F0211E2CB418003BFAA3 /* Project object */;
			proxyType = 1;
			remoteGlobalIDString = 3539F0291E2CB418003BFAA3;
			remoteInfo = JsonModelTranfer;
		};
/* End PBXContainerItemProxy section */

/* Begin PBXFileReference section */
		352DBE411E2E2B5400AA8569 /* JMProperty.h */ = {isa = PBXFileReference; fileEncoding = 4; lastKnownFileType = sourcecode.c.h; path = JMProperty.h; sourceTree = "<group>"; };
		352DBE421E2E2B5400AA8569 /* JMProperty.m */ = {isa = PBXFileReference; fileEncoding = 4; lastKnownFileType = sourcecode.c.objc; path = JMProperty.m; sourceTree = "<group>"; };
		352DBE491E2F5C3000AA8569 /* TestJsonModel.h */ = {isa = PBXFileReference; fileEncoding = 4; lastKnownFileType = sourcecode.c.h; path = TestJsonModel.h; sourceTree = "<group>"; };
		352DBE4A1E2F5C3000AA8569 /* TestJsonModel.m */ = {isa = PBXFileReference; fileEncoding = 4; lastKnownFileType = sourcecode.c.objc; path = TestJsonModel.m; sourceTree = "<group>"; };
		352DBE4C1E2F704800AA8569 /* testSubModel.h */ = {isa = PBXFileReference; fileEncoding = 4; lastKnownFileType = sourcecode.c.h; path = testSubModel.h; sourceTree = "<group>"; };
		352DBE4D1E2F704800AA8569 /* testSubModel.m */ = {isa = PBXFileReference; fileEncoding = 4; lastKnownFileType = sourcecode.c.objc; path = testSubModel.m; sourceTree = "<group>"; };
		352E6E021E348A0700642D98 /* JMFoundation.h */ = {isa = PBXFileReference; fileEncoding = 4; lastKnownFileType = sourcecode.c.h; path = JMFoundation.h; sourceTree = "<group>"; };
		352E6E031E348A0700642D98 /* JMFoundation.m */ = {isa = PBXFileReference; fileEncoding = 4; lastKnownFileType = sourcecode.c.objc; path = JMFoundation.m; sourceTree = "<group>"; };
		3539F02A1E2CB418003BFAA3 /* JsonModelTranfer.framework */ = {isa = PBXFileReference; explicitFileType = wrapper.framework; includeInIndex = 0; path = JsonModelTranfer.framework; sourceTree = BUILT_PRODUCTS_DIR; };
		3539F02D1E2CB418003BFAA3 /* JsonModelTranfer.h */ = {isa = PBXFileReference; lastKnownFileType = sourcecode.c.h; path = JsonModelTranfer.h; sourceTree = "<group>"; };
		3539F02E1E2CB418003BFAA3 /* Info.plist */ = {isa = PBXFileReference; lastKnownFileType = text.plist.xml; path = Info.plist; sourceTree = "<group>"; };
		3539F0331E2CB419003BFAA3 /* JsonModelTranferTests.xctest */ = {isa = PBXFileReference; explicitFileType = wrapper.cfbundle; includeInIndex = 0; path = JsonModelTranferTests.xctest; sourceTree = BUILT_PRODUCTS_DIR; };
		3539F0381E2CB419003BFAA3 /* JsonModelTranferTests.m */ = {isa = PBXFileReference; lastKnownFileType = sourcecode.c.objc; path = JsonModelTranferTests.m; sourceTree = "<group>"; };
		3539F03A1E2CB419003BFAA3 /* Info.plist */ = {isa = PBXFileReference; lastKnownFileType = text.plist.xml; path = Info.plist; sourceTree = "<group>"; };
		3539F04A1E2CB7EB003BFAA3 /* NSObject+JsonModel.h */ = {isa = PBXFileReference; fileEncoding = 4; lastKnownFileType = sourcecode.c.h; path = "NSObject+JsonModel.h"; sourceTree = "<group>"; };
		3539F04B1E2CB7EB003BFAA3 /* NSObject+JsonModel.m */ = {isa = PBXFileReference; fileEncoding = 4; lastKnownFileType = sourcecode.c.objc; path = "NSObject+JsonModel.m"; sourceTree = "<group>"; };
		3539F0541E2CEAAB003BFAA3 /* JsonModelConst.h */ = {isa = PBXFileReference; fileEncoding = 4; lastKnownFileType = sourcecode.c.h; path = JsonModelConst.h; sourceTree = "<group>"; };
		3539F0551E2CEAAB003BFAA3 /* JsonModelConst.m */ = {isa = PBXFileReference; fileEncoding = 4; lastKnownFileType = sourcecode.c.objc; path = JsonModelConst.m; sourceTree = "<group>"; };
		3539F0581E2D1B1C003BFAA3 /* JsonModelTranferProtocol.h */ = {isa = PBXFileReference; fileEncoding = 4; lastKnownFileType = sourcecode.c.h; path = JsonModelTranferProtocol.h; sourceTree = "<group>"; };
		3539F05A1E2D2693003BFAA3 /* NSObject+Property.h */ = {isa = PBXFileReference; fileEncoding = 4; lastKnownFileType = sourcecode.c.h; path = "NSObject+Property.h"; sourceTree = "<group>"; };
		3539F05B1E2D2693003BFAA3 /* NSObject+Property.m */ = {isa = PBXFileReference; fileEncoding = 4; lastKnownFileType = sourcecode.c.objc; path = "NSObject+Property.m"; sourceTree = "<group>"; };
/* End PBXFileReference section */

/* Begin PBXFrameworksBuildPhase section */
		3539F0261E2CB418003BFAA3 /* Frameworks */ = {
			isa = PBXFrameworksBuildPhase;
			buildActionMask = 2147483647;
			files = (
			);
			runOnlyForDeploymentPostprocessing = 0;
		};
		3539F0301E2CB419003BFAA3 /* Frameworks */ = {
			isa = PBXFrameworksBuildPhase;
			buildActionMask = 2147483647;
			files = (
				3539F0341E2CB419003BFAA3 /* JsonModelTranfer.framework in Frameworks */,
			);
			runOnlyForDeploymentPostprocessing = 0;
		};
/* End PBXFrameworksBuildPhase section */

/* Begin PBXGroup section */
		3539F0201E2CB418003BFAA3 = {
			isa = PBXGroup;
			children = (
				3539F02C1E2CB418003BFAA3 /* JsonModelTranfer */,
				3539F0371E2CB419003BFAA3 /* JsonModelTranferTests */,
				3539F02B1E2CB418003BFAA3 /* Products */,
			);
			sourceTree = "<group>";
		};
		3539F02B1E2CB418003BFAA3 /* Products */ = {
			isa = PBXGroup;
			children = (
				3539F02A1E2CB418003BFAA3 /* JsonModelTranfer.framework */,
				3539F0331E2CB419003BFAA3 /* JsonModelTranferTests.xctest */,
			);
			name = Products;
			sourceTree = "<group>";
		};
		3539F02C1E2CB418003BFAA3 /* JsonModelTranfer */ = {
			isa = PBXGroup;
			children = (
				3539F02D1E2CB418003BFAA3 /* JsonModelTranfer.h */,
				352DBE411E2E2B5400AA8569 /* JMProperty.h */,
				352DBE421E2E2B5400AA8569 /* JMProperty.m */,
				352E6E021E348A0700642D98 /* JMFoundation.h */,
				352E6E031E348A0700642D98 /* JMFoundation.m */,
				3539F0541E2CEAAB003BFAA3 /* JsonModelConst.h */,
				3539F0551E2CEAAB003BFAA3 /* JsonModelConst.m */,
				3539F05A1E2D2693003BFAA3 /* NSObject+Property.h */,
				3539F05B1E2D2693003BFAA3 /* NSObject+Property.m */,
				3539F04A1E2CB7EB003BFAA3 /* NSObject+JsonModel.h */,
				3539F04B1E2CB7EB003BFAA3 /* NSObject+JsonModel.m */,
				3539F0581E2D1B1C003BFAA3 /* JsonModelTranferProtocol.h */,
				3539F02E1E2CB418003BFAA3 /* Info.plist */,
			);
			path = JsonModelTranfer;
			sourceTree = "<group>";
		};
		3539F0371E2CB419003BFAA3 /* JsonModelTranferTests */ = {
			isa = PBXGroup;
			children = (
				352DBE4C1E2F704800AA8569 /* testSubModel.h */,
				352DBE4D1E2F704800AA8569 /* testSubModel.m */,
				352DBE491E2F5C3000AA8569 /* TestJsonModel.h */,
				352DBE4A1E2F5C3000AA8569 /* TestJsonModel.m */,
				3539F0381E2CB419003BFAA3 /* JsonModelTranferTests.m */,
				3539F03A1E2CB419003BFAA3 /* Info.plist */,
			);
			path = JsonModelTranferTests;
			sourceTree = "<group>";
		};
/* End PBXGroup section */

/* Begin PBXHeadersBuildPhase section */
		3539F0271E2CB418003BFAA3 /* Headers */ = {
			isa = PBXHeadersBuildPhase;
			buildActionMask = 2147483647;
			files = (
				3539F04C1E2CB7EB003BFAA3 /* NSObject+JsonModel.h in Headers */,
				352E6E041E348A0700642D98 /* JMFoundation.h in Headers */,
				3539F0591E2D1B1C003BFAA3 /* JsonModelTranferProtocol.h in Headers */,
				3539F0561E2CEAAB003BFAA3 /* JsonModelConst.h in Headers */,
				352DBE431E2E2B5400AA8569 /* JMProperty.h in Headers */,
				3539F03B1E2CB419003BFAA3 /* JsonModelTranfer.h in Headers */,
				3539F05C1E2D2693003BFAA3 /* NSObject+Property.h in Headers */,
			);
			runOnlyForDeploymentPostprocessing = 0;
		};
/* End PBXHeadersBuildPhase section */

/* Begin PBXNativeTarget section */
		3539F0291E2CB418003BFAA3 /* JsonModelTranfer */ = {
			isa = PBXNativeTarget;
			buildConfigurationList = 3539F03E1E2CB419003BFAA3 /* Build configuration list for PBXNativeTarget "JsonModelTranfer" */;
			buildPhases = (
				3539F0251E2CB418003BFAA3 /* Sources */,
				3539F0261E2CB418003BFAA3 /* Frameworks */,
				3539F0271E2CB418003BFAA3 /* Headers */,
				3539F0281E2CB418003BFAA3 /* Resources */,
			);
			buildRules = (
			);
			dependencies = (
			);
			name = JsonModelTranfer;
			productName = JsonModelTranfer;
			productReference = 3539F02A1E2CB418003BFAA3 /* JsonModelTranfer.framework */;
			productType = "com.apple.product-type.framework";
		};
		3539F0321E2CB419003BFAA3 /* JsonModelTranferTests */ = {
			isa = PBXNativeTarget;
			buildConfigurationList = 3539F0411E2CB419003BFAA3 /* Build configuration list for PBXNativeTarget "JsonModelTranferTests" */;
			buildPhases = (
				3539F02F1E2CB419003BFAA3 /* Sources */,
				3539F0301E2CB419003BFAA3 /* Frameworks */,
				3539F0311E2CB419003BFAA3 /* Resources */,
			);
			buildRules = (
			);
			dependencies = (
				3539F0361E2CB419003BFAA3 /* PBXTargetDependency */,
			);
			name = JsonModelTranferTests;
			productName = JsonModelTranferTests;
			productReference = 3539F0331E2CB419003BFAA3 /* JsonModelTranferTests.xctest */;
			productType = "com.apple.product-type.bundle.unit-test";
		};
/* End PBXNativeTarget section */

/* Begin PBXProject section */
		3539F0211E2CB418003BFAA3 /* Project object */ = {
			isa = PBXProject;
			attributes = {
				LastUpgradeCheck = 0820;
				ORGANIZATIONNAME = Tintin;
				TargetAttributes = {
					3539F0291E2CB418003BFAA3 = {
						CreatedOnToolsVersion = 8.2.1;
						DevelopmentTeam = Y89PUMNVS4;
						ProvisioningStyle = Automatic;
					};
					3539F0321E2CB419003BFAA3 = {
						CreatedOnToolsVersion = 8.2.1;
						DevelopmentTeam = Y89PUMNVS4;
						ProvisioningStyle = Automatic;
					};
				};
			};
			buildConfigurationList = 3539F0241E2CB418003BFAA3 /* Build configuration list for PBXProject "JsonModelTranfer" */;
			compatibilityVersion = "Xcode 3.2";
			developmentRegion = English;
			hasScannedForEncodings = 0;
			knownRegions = (
				en,
			);
			mainGroup = 3539F0201E2CB418003BFAA3;
			productRefGroup = 3539F02B1E2CB418003BFAA3 /* Products */;
			projectDirPath = "";
			projectRoot = "";
			targets = (
				3539F0291E2CB418003BFAA3 /* JsonModelTranfer */,
				3539F0321E2CB419003BFAA3 /* JsonModelTranferTests */,
			);
		};
/* End PBXProject section */

/* Begin PBXResourcesBuildPhase section */
		3539F0281E2CB418003BFAA3 /* Resources */ = {
			isa = PBXResourcesBuildPhase;
			buildActionMask = 2147483647;
			files = (
			);
			runOnlyForDeploymentPostprocessing = 0;
		};
		3539F0311E2CB419003BFAA3 /* Resources */ = {
			isa = PBXResourcesBuildPhase;
			buildActionMask = 2147483647;
			files = (
			);
			runOnlyForDeploymentPostprocessing = 0;
		};
/* End PBXResourcesBuildPhase section */

/* Begin PBXSourcesBuildPhase section */
		3539F0251E2CB418003BFAA3 /* Sources */ = {
			isa = PBXSourcesBuildPhase;
			buildActionMask = 2147483647;
			files = (
				3539F04D1E2CB7EB003BFAA3 /* NSObject+JsonModel.m in Sources */,
				3539F05D1E2D2693003BFAA3 /* NSObject+Property.m in Sources */,
				352E6E051E348A0700642D98 /* JMFoundation.m in Sources */,
				3539F0571E2CEAAB003BFAA3 /* JsonModelConst.m in Sources */,
				352DBE441E2E2B5400AA8569 /* JMProperty.m in Sources */,
			);
			runOnlyForDeploymentPostprocessing = 0;
		};
		3539F02F1E2CB419003BFAA3 /* Sources */ = {
			isa = PBXSourcesBuildPhase;
			buildActionMask = 2147483647;
			files = (
				3539F0391E2CB419003BFAA3 /* JsonModelTranferTests.m in Sources */,
				352DBE4B1E2F5C3000AA8569 /* TestJsonModel.m in Sources */,
				352DBE4E1E2F704800AA8569 /* testSubModel.m in Sources */,
			);
			runOnlyForDeploymentPostprocessing = 0;
		};
/* End PBXSourcesBuildPhase section */

/* Begin PBXTargetDependency section */
		3539F0361E2CB419003BFAA3 /* PBXTargetDependency */ = {
			isa = PBXTargetDependency;
			target = 3539F0291E2CB418003BFAA3 /* JsonModelTranfer */;
			targetProxy = 3539F0351E2CB419003BFAA3 /* PBXContainerItemProxy */;
		};
/* End PBXTargetDependency section */

/* Begin XCBuildConfiguration section */
		3539F03C1E2CB419003BFAA3 /* Debug */ = {
			isa = XCBuildConfiguration;
			buildSettings = {
				ALWAYS_SEARCH_USER_PATHS = NO;
				CLANG_ANALYZER_NONNULL = YES;
				CLANG_CXX_LANGUAGE_STANDARD = "gnu++0x";
				CLANG_CXX_LIBRARY = "libc++";
				CLANG_ENABLE_MODULES = YES;
				CLANG_ENABLE_OBJC_ARC = YES;
				CLANG_WARN_BOOL_CONVERSION = YES;
				CLANG_WARN_CONSTANT_CONVERSION = YES;
				CLANG_WARN_DIRECT_OBJC_ISA_USAGE = YES_ERROR;
				CLANG_WARN_DOCUMENTATION_COMMENTS = YES;
				CLANG_WARN_EMPTY_BODY = YES;
				CLANG_WARN_ENUM_CONVERSION = YES;
				CLANG_WARN_INFINITE_RECURSION = YES;
				CLANG_WARN_INT_CONVERSION = YES;
				CLANG_WARN_OBJC_ROOT_CLASS = YES_ERROR;
				CLANG_WARN_SUSPICIOUS_MOVE = YES;
				CLANG_WARN_UNREACHABLE_CODE = YES;
				CLANG_WARN__DUPLICATE_METHOD_MATCH = YES;
				"CODE_SIGN_IDENTITY[sdk=iphoneos*]" = "iPhone Developer";
				COPY_PHASE_STRIP = NO;
				CURRENT_PROJECT_VERSION = 1;
				DEBUG_INFORMATION_FORMAT = dwarf;
				ENABLE_STRICT_OBJC_MSGSEND = YES;
				ENABLE_TESTABILITY = YES;
				GCC_C_LANGUAGE_STANDARD = gnu99;
				GCC_DYNAMIC_NO_PIC = NO;
				GCC_NO_COMMON_BLOCKS = YES;
				GCC_OPTIMIZATION_LEVEL = 0;
				GCC_PREPROCESSOR_DEFINITIONS = (
					"DEBUG=1",
					"$(inherited)",
				);
				GCC_WARN_64_TO_32_BIT_CONVERSION = YES;
				GCC_WARN_ABOUT_RETURN_TYPE = YES_ERROR;
				GCC_WARN_UNDECLARED_SELECTOR = YES;
				GCC_WARN_UNINITIALIZED_AUTOS = YES_AGGRESSIVE;
				GCC_WARN_UNUSED_FUNCTION = YES;
				GCC_WARN_UNUSED_VARIABLE = YES;
				IPHONEOS_DEPLOYMENT_TARGET = 10.2;
				MTL_ENABLE_DEBUG_INFO = YES;
				ONLY_ACTIVE_ARCH = YES;
				SDKROOT = iphoneos;
				TARGETED_DEVICE_FAMILY = "1,2";
				VERSIONING_SYSTEM = "apple-generic";
				VERSION_INFO_PREFIX = "";
			};
			name = Debug;
		};
		3539F03D1E2CB419003BFAA3 /* Release */ = {
			isa = XCBuildConfiguration;
			buildSettings = {
				ALWAYS_SEARCH_USER_PATHS = NO;
				CLANG_ANALYZER_NONNULL = YES;
				CLANG_CXX_LANGUAGE_STANDARD = "gnu++0x";
				CLANG_CXX_LIBRARY = "libc++";
				CLANG_ENABLE_MODULES = YES;
				CLANG_ENABLE_OBJC_ARC = YES;
				CLANG_WARN_BOOL_CONVERSION = YES;
				CLANG_WARN_CONSTANT_CONVERSION = YES;
				CLANG_WARN_DIRECT_OBJC_ISA_USAGE = YES_ERROR;
				CLANG_WARN_DOCUMENTATION_COMMENTS = YES;
				CLANG_WARN_EMPTY_BODY = YES;
				CLANG_WARN_ENUM_CONVERSION = YES;
				CLANG_WARN_INFINITE_RECURSION = YES;
				CLANG_WARN_INT_CONVERSION = YES;
				CLANG_WARN_OBJC_ROOT_CLASS = YES_ERROR;
				CLANG_WARN_SUSPICIOUS_MOVE = YES;
				CLANG_WARN_UNREACHABLE_CODE = YES;
				CLANG_WARN__DUPLICATE_METHOD_MATCH = YES;
				"CODE_SIGN_IDENTITY[sdk=iphoneos*]" = "iPhone Developer";
				COPY_PHASE_STRIP = NO;
				CURRENT_PROJECT_VERSION = 1;
				DEBUG_INFORMATION_FORMAT = "dwarf-with-dsym";
				ENABLE_NS_ASSERTIONS = NO;
				ENABLE_STRICT_OBJC_MSGSEND = YES;
				GCC_C_LANGUAGE_STANDARD = gnu99;
				GCC_NO_COMMON_BLOCKS = YES;
				GCC_WARN_64_TO_32_BIT_CONVERSION = YES;
				GCC_WARN_ABOUT_RETURN_TYPE = YES_ERROR;
				GCC_WARN_UNDECLARED_SELECTOR = YES;
				GCC_WARN_UNINITIALIZED_AUTOS = YES_AGGRESSIVE;
				GCC_WARN_UNUSED_FUNCTION = YES;
				GCC_WARN_UNUSED_VARIABLE = YES;
				IPHONEOS_DEPLOYMENT_TARGET = 10.2;
				MTL_ENABLE_DEBUG_INFO = NO;
				SDKROOT = iphoneos;
				TARGETED_DEVICE_FAMILY = "1,2";
				VALIDATE_PRODUCT = YES;
				VERSIONING_SYSTEM = "apple-generic";
				VERSION_INFO_PREFIX = "";
			};
			name = Release;
		};
		3539F03F1E2CB419003BFAA3 /* Debug */ = {
			isa = XCBuildConfiguration;
			buildSettings = {
				CODE_SIGN_IDENTITY = "";
				DEFINES_MODULE = YES;
				DEVELOPMENT_TEAM = Y89PUMNVS4;
				DYLIB_COMPATIBILITY_VERSION = 1;
				DYLIB_CURRENT_VERSION = 1;
				DYLIB_INSTALL_NAME_BASE = "@rpath";
				INFOPLIST_FILE = JsonModelTranfer/Info.plist;
				INSTALL_PATH = "$(LOCAL_LIBRARY_DIR)/Frameworks";
				IPHONEOS_DEPLOYMENT_TARGET = 8.0;
				LD_RUNPATH_SEARCH_PATHS = "$(inherited) @executable_path/Frameworks @loader_path/Frameworks";
				MACH_O_TYPE = staticlib;
				ONLY_ACTIVE_ARCH = NO;
				OTHER_LDFLAGS = "-ObjC";
				PRODUCT_BUNDLE_IDENTIFIER = com.tintin.JsonModelTranfer;
				PRODUCT_NAME = "$(TARGET_NAME)";
				SKIP_INSTALL = YES;
			};
			name = Debug;
		};
		3539F0401E2CB419003BFAA3 /* Release */ = {
			isa = XCBuildConfiguration;
			buildSettings = {
				CODE_SIGN_IDENTITY = "";
				DEFINES_MODULE = YES;
				DEVELOPMENT_TEAM = Y89PUMNVS4;
				DYLIB_COMPATIBILITY_VERSION = 1;
				DYLIB_CURRENT_VERSION = 1;
				DYLIB_INSTALL_NAME_BASE = "@rpath";
				INFOPLIST_FILE = JsonModelTranfer/Info.plist;
				INSTALL_PATH = "$(LOCAL_LIBRARY_DIR)/Frameworks";
				IPHONEOS_DEPLOYMENT_TARGET = 8.0;
				LD_RUNPATH_SEARCH_PATHS = "$(inherited) @executable_path/Frameworks @loader_path/Frameworks";
				MACH_O_TYPE = staticlib;
				ONLY_ACTIVE_ARCH = NO;
				OTHER_LDFLAGS = "-ObjC";
				PRODUCT_BUNDLE_IDENTIFIER = com.tintin.JsonModelTranfer;
				PRODUCT_NAME = "$(TARGET_NAME)";
				SKIP_INSTALL = YES;
			};
			name = Release;
		};
		3539F0421E2CB419003BFAA3 /* Debug */ = {
			isa = XCBuildConfiguration;
			buildSettings = {
				DEVELOPMENT_TEAM = Y89PUMNVS4;
				INFOPLIST_FILE = JsonModelTranferTests/Info.plist;
				LD_RUNPATH_SEARCH_PATHS = "$(inherited) @executable_path/Frameworks @loader_path/Frameworks";
				PRODUCT_BUNDLE_IDENTIFIER = com.tintin.JsonModelTranferTests;
				PRODUCT_NAME = "$(TARGET_NAME)";
			};
			name = Debug;
		};
		3539F0431E2CB419003BFAA3 /* Release */ = {
			isa = XCBuildConfiguration;
			buildSettings = {
				DEVELOPMENT_TEAM = Y89PUMNVS4;
				INFOPLIST_FILE = JsonModelTranferTests/Info.plist;
				LD_RUNPATH_SEARCH_PATHS = "$(inherited) @executable_path/Frameworks @loader_path/Frameworks";
				PRODUCT_BUNDLE_IDENTIFIER = com.tintin.JsonModelTranferTests;
				PRODUCT_NAME = "$(TARGET_NAME)";
			};
			name = Release;
		};
/* End XCBuildConfiguration section */

/* Begin XCConfigurationList section */
		3539F0241E2CB418003BFAA3 /* Build configuration list for PBXProject "JsonModelTranfer" */ = {
			isa = XCConfigurationList;
			buildConfigurations = (
				3539F03C1E2CB419003BFAA3 /* Debug */,
				3539F03D1E2CB419003BFAA3 /* Release */,
			);
			defaultConfigurationIsVisible = 0;
			defaultConfigurationName = Release;
		};
		3539F03E1E2CB419003BFAA3 /* Build configuration list for PBXNativeTarget "JsonModelTranfer" */ = {
			isa = XCConfigurationList;
			buildConfigurations = (
				3539F03F1E2CB419003BFAA3 /* Debug */,
				3539F0401E2CB419003BFAA3 /* Release */,
			);
			defaultConfigurationIsVisible = 0;
			defaultConfigurationName = Release;
		};
		3539F0411E2CB419003BFAA3 /* Build configuration list for PBXNativeTarget "JsonModelTranferTests" */ = {
			isa = XCConfigurationList;
			buildConfigurations = (
				3539F0421E2CB419003BFAA3 /* Debug */,
				3539F0431E2CB419003BFAA3 /* Release */,
			);
			defaultConfigurationIsVisible = 0;
			defaultConfigurationName = Release;
		};
/* End XCConfigurationList section */
	};
	rootObject = 3539F0211E2CB418003BFAA3 /* Project object */;
}
